
Microsoft Visual Studio Solution File, Format Version 12.00
# Visual Studio Version 16
VisualStudioVersion = 16.0.29613.14
MinimumVisualStudioVersion = 10.0.40219.1
Project("{9A19103F-16F7-4668-BE54-9A1E7A4F7556}") = "Crispy", "Crispy.csproj", "{ECC9F7BA-A161-4DAB-B9AD-7FBF135DDBCE}"
EndProject
Global
	GlobalSection(SolutionConfigurationPlatforms) = preSolution
		Debug|Any CPU = Debug|Any CPU
		Release|Any CPU = Release|Any CPU
	EndGlobalSection
	GlobalSection(ProjectConfigurationPlatforms) = postSolution
		{ECC9F7BA-A161-4DAB-B9AD-7FBF135DDBCE}.Debug|Any CPU.ActiveCfg = Debug|Any CPU
		{ECC9F7BA-A161-4DAB-B9AD-7FBF135DDBCE}.Debug|Any CPU.Build.0 = Debug|Any CPU
		{ECC9F7BA-A161-4DAB-B9AD-7FBF135DDBCE}.Release|Any CPU.ActiveCfg = Release|Any CPU
		{ECC9F7BA-A161-4DAB-B9AD-7FBF135DDBCE}.Release|Any CPU.Build.0 = Release|Any CPU
	EndGlobalSection
	GlobalSection(SolutionProperties) = preSolution
		HideSolutionNode = FALSE
	EndGlobalSection
	GlobalSection(ExtensibilityGlobals) = postSolution
		SolutionGuid = {FC873EE1-5FA9-43F5-996A-FF5C6A5AB18F}
	EndGlobalSection
EndGlobal
